
Microsoft Visual Studio Solution File, Format Version 12.00
# Visual Studio 2012
Project("{FAE04EC0-301F-11D3-BF4B-00C04F79EFBC}") = "Sample", "Sample\Sample.csproj", "{4E11828E-F4C3-4A04-81EF-99967E0F28A7}"
EndProject
Project("{FAE04EC0-301F-11D3-BF4B-00C04F79EFBC}") = "NServiceBus.Mailer", "NServiceBus.Mailer\NServiceBus.Mailer.csproj", "{9E81FDDA-66E8-48EE-9057-429EF8813DA1}"
EndProject
Project("{FAE04EC0-301F-11D3-BF4B-00C04F79EFBC}") = "Nuget", "NuGet\Nuget.csproj", "{63786CE5-D899-43DF-AD4E-C2CA3BAC3FC2}"
EndProject
Global
	GlobalSection(SolutionConfigurationPlatforms) = preSolution
		Debug|Any CPU = Debug|Any CPU
		Deployable|Any CPU = Deployable|Any CPU
		Release|Any CPU = Release|Any CPU
	EndGlobalSection
	GlobalSection(ProjectConfigurationPlatforms) = postSolution
		{4E11828E-F4C3-4A04-81EF-99967E0F28A7}.Debug|Any CPU.ActiveCfg = Debug|Any CPU
		{4E11828E-F4C3-4A04-81EF-99967E0F28A7}.Debug|Any CPU.Build.0 = Debug|Any CPU
		{4E11828E-F4C3-4A04-81EF-99967E0F28A7}.Deployable|Any CPU.ActiveCfg = Deployable|Any CPU
		{4E11828E-F4C3-4A04-81EF-99967E0F28A7}.Deployable|Any CPU.Build.0 = Deployable|Any CPU
		{4E11828E-F4C3-4A04-81EF-99967E0F28A7}.Release|Any CPU.ActiveCfg = Release|Any CPU
		{4E11828E-F4C3-4A04-81EF-99967E0F28A7}.Release|Any CPU.Build.0 = Release|Any CPU
		{9E81FDDA-66E8-48EE-9057-429EF8813DA1}.Debug|Any CPU.ActiveCfg = Debug|Any CPU
		{9E81FDDA-66E8-48EE-9057-429EF8813DA1}.Debug|Any CPU.Build.0 = Debug|Any CPU
		{9E81FDDA-66E8-48EE-9057-429EF8813DA1}.Deployable|Any CPU.ActiveCfg = Deployable|Any CPU
		{9E81FDDA-66E8-48EE-9057-429EF8813DA1}.Deployable|Any CPU.Build.0 = Deployable|Any CPU
		{9E81FDDA-66E8-48EE-9057-429EF8813DA1}.Release|Any CPU.ActiveCfg = Release|Any CPU
		{9E81FDDA-66E8-48EE-9057-429EF8813DA1}.Release|Any CPU.Build.0 = Release|Any CPU
		{63786CE5-D899-43DF-AD4E-C2CA3BAC3FC2}.Debug|Any CPU.ActiveCfg = Debug|Any CPU
		{63786CE5-D899-43DF-AD4E-C2CA3BAC3FC2}.Debug|Any CPU.Build.0 = Debug|Any CPU
		{63786CE5-D899-43DF-AD4E-C2CA3BAC3FC2}.Deployable|Any CPU.ActiveCfg = Deployable|Any CPU
		{63786CE5-D899-43DF-AD4E-C2CA3BAC3FC2}.Deployable|Any CPU.Build.0 = Deployable|Any CPU
		{63786CE5-D899-43DF-AD4E-C2CA3BAC3FC2}.Release|Any CPU.ActiveCfg = Release|Any CPU
		{63786CE5-D899-43DF-AD4E-C2CA3BAC3FC2}.Release|Any CPU.Build.0 = Release|Any CPU
	EndGlobalSection
	GlobalSection(SolutionProperties) = preSolution
		HideSolutionNode = FALSE
	EndGlobalSection
EndGlobal
